{
    "name": "triggers",
    "version": "1.0.0",
    "lockfileVersion": 2,
    "requires": true,
    "packages": {
        "": {
            "name": "triggers",
            "version": "1.0.0",
            "license": "ISC",
            "peerDependencies": {
                "@mantine/core": "^5.6.3",
                "tabler-icons-react": "^1.55.0"
            },
            "peerDependenciesMeta": {
                "@mantine/core": {
                    "optional": true
                },
                "tabler-icons-react": {
                    "optional": true
                }
            }
        }
    }
}
